
Microsoft Visual Studio Solution File, Format Version 12.00
# Visual Studio Version 16
VisualStudioVersion = 16.0.31624.102
MinimumVisualStudioVersion = 10.0.40219.1
Project("{9A19103F-16F7-4668-BE54-9A1E7A4F7556}") = "DeviceAppAuthentication", "DeviceAppAuthentication\DeviceAppAuthentication.csproj", "{45A2CBF9-26C7-406A-AE04-820EB52C43F8}"
EndProject
Project("{FAE04EC0-301F-11D3-BF4B-00C04F79EFBC}") = "DevicesAPI", "DevicesAPI\DevicesAPI.csproj", "{C7DF185F-5BDF-478E-9764-65A6AA932C15}"
EndProject
Project("{FAE04EC0-301F-11D3-BF4B-00C04F79EFBC}") = "DevicesAPI.Test", "DevicesAPI.Test\DevicesAPI.Test.csproj", "{98DDF495-1BB1-4E6A-9C4A-8F0680797F30}"
EndProject
Global
	GlobalSection(SolutionConfigurationPlatforms) = preSolution
		Debug|Any CPU = Debug|Any CPU
		Release|Any CPU = Release|Any CPU
	EndGlobalSection
	GlobalSection(ProjectConfigurationPlatforms) = postSolution
		{45A2CBF9-26C7-406A-AE04-820EB52C43F8}.Debug|Any CPU.ActiveCfg = Debug|Any CPU
		{45A2CBF9-26C7-406A-AE04-820EB52C43F8}.Debug|Any CPU.Build.0 = Debug|Any CPU
		{45A2CBF9-26C7-406A-AE04-820EB52C43F8}.Release|Any CPU.ActiveCfg = Release|Any CPU
		{45A2CBF9-26C7-406A-AE04-820EB52C43F8}.Release|Any CPU.Build.0 = Release|Any CPU
		{C7DF185F-5BDF-478E-9764-65A6AA932C15}.Debug|Any CPU.ActiveCfg = Debug|Any CPU
		{C7DF185F-5BDF-478E-9764-65A6AA932C15}.Debug|Any CPU.Build.0 = Debug|Any CPU
		{C7DF185F-5BDF-478E-9764-65A6AA932C15}.Release|Any CPU.ActiveCfg = Release|Any CPU
		{C7DF185F-5BDF-478E-9764-65A6AA932C15}.Release|Any CPU.Build.0 = Release|Any CPU
		{98DDF495-1BB1-4E6A-9C4A-8F0680797F30}.Debug|Any CPU.ActiveCfg = Debug|Any CPU
		{98DDF495-1BB1-4E6A-9C4A-8F0680797F30}.Debug|Any CPU.Build.0 = Debug|Any CPU
		{98DDF495-1BB1-4E6A-9C4A-8F0680797F30}.Release|Any CPU.ActiveCfg = Release|Any CPU
		{98DDF495-1BB1-4E6A-9C4A-8F0680797F30}.Release|Any CPU.Build.0 = Release|Any CPU
	EndGlobalSection
	GlobalSection(SolutionProperties) = preSolution
		HideSolutionNode = FALSE
	EndGlobalSection
	GlobalSection(ExtensibilityGlobals) = postSolution
		SolutionGuid = {CBC41BB4-8CE5-47CD-B755-46534AF957ED}
	EndGlobalSection
EndGlobal
